
Microsoft Visual Studio Solution File, Format Version 12.00
# Visual Studio 2013
VisualStudioVersion = 12.0.21005.1
MinimumVisualStudioVersion = 10.0.40219.1
Project("{8BC9CEB8-8B4A-11D0-8D11-00A0C91BC942}") = "Sandbox", "Sandbox\Sandbox.vcxproj", "{28AD222B-43FF-4FDD-8AF3-4A6C3ECA057D}"
EndProject
Project("{8BC9CEB8-8B4A-11D0-8D11-00A0C91BC942}") = "PhysicsEngine", "PhysicsEngine\PhysicsEngine.vcxproj", "{942E9DDA-282A-473F-802D-8306C8B01856}"
EndProject
Global
	GlobalSection(SolutionConfigurationPlatforms) = preSolution
		Debug|Win32 = Debug|Win32
		Release|Win32 = Release|Win32
	EndGlobalSection
	GlobalSection(ProjectConfigurationPlatforms) = postSolution
		{28AD222B-43FF-4FDD-8AF3-4A6C3ECA057D}.Debug|Win32.ActiveCfg = Debug|Win32
		{28AD222B-43FF-4FDD-8AF3-4A6C3ECA057D}.Debug|Win32.Build.0 = Debug|Win32
		{28AD222B-43FF-4FDD-8AF3-4A6C3ECA057D}.Release|Win32.ActiveCfg = Release|Win32
		{28AD222B-43FF-4FDD-8AF3-4A6C3ECA057D}.Release|Win32.Build.0 = Release|Win32
		{942E9DDA-282A-473F-802D-8306C8B01856}.Debug|Win32.ActiveCfg = Debug|Win32
		{942E9DDA-282A-473F-802D-8306C8B01856}.Debug|Win32.Build.0 = Debug|Win32
		{942E9DDA-282A-473F-802D-8306C8B01856}.Release|Win32.ActiveCfg = Release|Win32
		{942E9DDA-282A-473F-802D-8306C8B01856}.Release|Win32.Build.0 = Release|Win32
	EndGlobalSection
	GlobalSection(SolutionProperties) = preSolution
		HideSolutionNode = FALSE
	EndGlobalSection
EndGlobal
